// !$*UTF8*$!
{
	archiveVersion = 1;
	classes = {
	};
	objectVersion = 50;
	objects = {

/* Begin PBXBuildFile section */
		CAC6C4F4260AEE090022BAB2 /* AppDelegate.swift in Sources */ = {isa = PBXBuildFile; fileRef = CAC6C4F3260AEE090022BAB2 /* AppDelegate.swift */; };
		CAC6C4F6260AEE090022BAB2 /* SceneDelegate.swift in Sources */ = {isa = PBXBuildFile; fileRef = CAC6C4F5260AEE090022BAB2 /* SceneDelegate.swift */; };
		CAC6C4F8260AEE090022BAB2 /* ViewController.swift in Sources */ = {isa = PBXBuildFile; fileRef = CAC6C4F7260AEE090022BAB2 /* ViewController.swift */; };
		CAC6C4FB260AEE090022BAB2 /* Main.storyboard in Resources */ = {isa = PBXBuildFile; fileRef = CAC6C4F9260AEE090022BAB2 /* Main.storyboard */; };
		CAC6C4FD260AEE0A0022BAB2 /* Assets.xcassets in Resources */ = {isa = PBXBuildFile; fileRef = CAC6C4FC260AEE0A0022BAB2 /* Assets.xcassets */; };
		CAC6C500260AEE0A0022BAB2 /* LaunchScreen.storyboard in Resources */ = {isa = PBXBuildFile; fileRef = CAC6C4FE260AEE0A0022BAB2 /* LaunchScreen.storyboard */; };
/* End PBXBuildFile section */

/* Begin PBXFileReference section */
		CAC6C4F0260AEE090022BAB2 /* Swift6WKWebView1.app */ = {isa = PBXFileReference; explicitFileType = wrapper.application; includeInIndex = 0; path = Swift6WKWebView1.app; sourceTree = BUILT_PRODUCTS_DIR; };
		CAC6C4F3260AEE090022BAB2 /* AppDelegate.swift */ = {isa = PBXFileReference; lastKnownFileType = sourcecode.swift; path = AppDelegate.swift; sourceTree = "<group>"; };
		CAC6C4F5260AEE090022BAB2 /* SceneDelegate.swift */ = {isa = PBXFileReference; lastKnownFileType = sourcecode.swift; path = SceneDelegate.swift; sourceTree = "<group>"; };
		CAC6C4F7260AEE090022BAB2 /* ViewController.swift */ = {isa = PBXFileReference; lastKnownFileType = sourcecode.swift; path = ViewController.swift; sourceTree = "<group>"; };
		CAC6C4FA260AEE090022BAB2 /* Base */ = {isa = PBXFileReference; lastKnownFileType = file.storyboard; name = Base; path = Base.lproj/Main.storyboard; sourceTree = "<group>"; };
		CAC6C4FC260AEE0A0022BAB2 /* Assets.xcassets */ = {isa = PBXFileReference; lastKnownFileType = folder.assetcatalog; path = Assets.xcassets; sourceTree = "<group>"; };
		CAC6C4FF260AEE0A0022BAB2 /* Base */ = {isa = PBXFileReference; lastKnownFileType = file.storyboard; name = Base; path = Base.lproj/LaunchScreen.storyboard; sourceTree = "<group>"; };
		CAC6C501260AEE0A0022BAB2 /* Info.plist */ = {isa = PBXFileReference; lastKnownFileType = text.plist.xml; path = Info.plist; sourceTree = "<group>"; };
/* End PBXFileReference section */

/* Begin PBXFrameworksBuildPhase section */
		CAC6C4ED260AEE090022BAB2 /* Frameworks */ = {
			isa = PBXFrameworksBuildPhase;
			buildActionMask = 2147483647;
			files = (
			);
			runOnlyForDeploymentPostprocessing = 0;
		};
/* End PBXFrameworksBuildPhase section */

/* Begin PBXGroup section */
		CAC6C4E7260AEE090022BAB2 = {
			isa = PBXGroup;
			children = (
				CAC6C4F2260AEE090022BAB2 /* Swift6WKWebView1 */,
				CAC6C4F1260AEE090022BAB2 /* Products */,
			);
			sourceTree = "<group>";
		};
		CAC6C4F1260AEE090022BAB2 /* Products */ = {
			isa = PBXGroup;
			children = (
				CAC6C4F0260AEE090022BAB2 /* Swift6WKWebView1.app */,
			);
			name = Products;
			sourceTree = "<group>";
		};
		CAC6C4F2260AEE090022BAB2 /* Swift6WKWebView1 */ = {
			isa = PBXGroup;
			children = (
				CAC6C4F3260AEE090022BAB2 /* AppDelegate.swift */,
				CAC6C4F5260AEE090022BAB2 /* SceneDelegate.swift */,
				CAC6C4F7260AEE090022BAB2 /* ViewController.swift */,
				CAC6C4F9260AEE090022BAB2 /* Main.storyboard */,
				CAC6C4FC260AEE0A0022BAB2 /* Assets.xcassets */,
				CAC6C4FE260AEE0A0022BAB2 /* LaunchScreen.storyboard */,
				CAC6C501260AEE0A0022BAB2 /* Info.plist */,
			);
			path = Swift6WKWebView1;
			sourceTree = "<group>";
		};
/* End PBXGroup section */

/* Begin PBXNativeTarget section */
		CAC6C4EF260AEE090022BAB2 /* Swift6WKWebView1 */ = {
			isa = PBXNativeTarget;
			buildConfigurationList = CAC6C504260AEE0A0022BAB2 /* Build configuration list for PBXNativeTarget "Swift6WKWebView1" */;
			buildPhases = (
				CAC6C4EC260AEE090022BAB2 /* Sources */,
				CAC6C4ED260AEE090022BAB2 /* Frameworks */,
				CAC6C4EE260AEE090022BAB2 /* Resources */,
			);
			buildRules = (
			);
			dependencies = (
			);
			name = Swift6WKWebView1;
			productName = Swift6WKWebView1;
			productReference = CAC6C4F0260AEE090022BAB2 /* Swift6WKWebView1.app */;
			productType = "com.apple.product-type.application";
		};
/* End PBXNativeTarget section */

/* Begin PBXProject section */
		CAC6C4E8260AEE090022BAB2 /* Project object */ = {
			isa = PBXProject;
			attributes = {
				LastSwiftUpdateCheck = 1240;
				LastUpgradeCheck = 1240;
				TargetAttributes = {
					CAC6C4EF260AEE090022BAB2 = {
						CreatedOnToolsVersion = 12.4;
					};
				};
			};
			buildConfigurationList = CAC6C4EB260AEE090022BAB2 /* Build configuration list for PBXProject "Swift6WKWebView1" */;
			compatibilityVersion = "Xcode 9.3";
			developmentRegion = en;
			hasScannedForEncodings = 0;
			knownRegions = (
				en,
				Base,
			);
			mainGroup = CAC6C4E7260AEE090022BAB2;
			productRefGroup = CAC6C4F1260AEE090022BAB2 /* Products */;
			projectDirPath = "";
			projectRoot = "";
			targets = (
				CAC6C4EF260AEE090022BAB2 /* Swift6WKWebView1 */,
			);
		};
/* End PBXProject section */

/* Begin PBXResourcesBuildPhase section */
		CAC6C4EE260AEE090022BAB2 /* Resources */ = {
			isa = PBXResourcesBuildPhase;
			buildActionMask = 2147483647;
			files = (
				CAC6C500260AEE0A0022BAB2 /* LaunchScreen.storyboard in Resources */,
				CAC6C4FD260AEE0A0022BAB2 /* Assets.xcassets in Resources */,
				CAC6C4FB260AEE090022BAB2 /* Main.storyboard in Resources */,
			);
			runOnlyForDeploymentPostprocessing = 0;
		};
/* End PBXResourcesBuildPhase section */

/* Begin PBXSourcesBuildPhase section */
		CAC6C4EC260AEE090022BAB2 /* Sources */ = {
			isa = PBXSourcesBuildPhase;
			buildActionMask = 2147483647;
			files = (
				CAC6C4F8260AEE090022BAB2 /* ViewController.swift in Sources */,
				CAC6C4F4260AEE090022BAB2 /* AppDelegate.swift in Sources */,
				CAC6C4F6260AEE090022BAB2 /* SceneDelegate.swift in Sources */,
			);
			runOnlyForDeploymentPostprocessing = 0;
		};
/* End PBXSourcesBuildPhase section */

/* Begin PBXVariantGroup section */
		CAC6C4F9260AEE090022BAB2 /* Main.storyboard */ = {
			isa = PBXVariantGroup;
			children = (
				CAC6C4FA260AEE090022BAB2 /* Base */,
			);
			name = Main.storyboard;
			sourceTree = "<group>";
		};
		CAC6C4FE260AEE0A0022BAB2 /* LaunchScreen.storyboard */ = {
			isa = PBXVariantGroup;
			children = (
				CAC6C4FF260AEE0A0022BAB2 /* Base */,
			);
			name = LaunchScreen.storyboard;
			sourceTree = "<group>";
		};
/* End PBXVariantGroup section */

/* Begin XCBuildConfiguration section */
		CAC6C502260AEE0A0022BAB2 /* Debug */ = {
			isa = XCBuildConfiguration;
			buildSettings = {
				ALWAYS_SEARCH_USER_PATHS = NO;
				CLANG_ANALYZER_NONNULL = YES;
				CLANG_ANALYZER_NUMBER_OBJECT_CONVERSION = YES_AGGRESSIVE;
				CLANG_CXX_LANGUAGE_STANDARD = "gnu++14";
				CLANG_CXX_LIBRARY = "libc++";
				CLANG_ENABLE_MODULES = YES;
				CLANG_ENABLE_OBJC_ARC = YES;
				CLANG_ENABLE_OBJC_WEAK = YES;
				CLANG_WARN_BLOCK_CAPTURE_AUTORELEASING = YES;
				CLANG_WARN_BOOL_CONVERSION = YES;
				CLANG_WARN_COMMA = YES;
				CLANG_WARN_CONSTANT_CONVERSION = YES;
				CLANG_WARN_DEPRECATED_OBJC_IMPLEMENTATIONS = YES;
				CLANG_WARN_DIRECT_OBJC_ISA_USAGE = YES_ERROR;
				CLANG_WARN_DOCUMENTATION_COMMENTS = YES;
				CLANG_WARN_EMPTY_BODY = YES;
				CLANG_WARN_ENUM_CONVERSION = YES;
				CLANG_WARN_INFINITE_RECURSION = YES;
				CLANG_WARN_INT_CONVERSION = YES;
				CLANG_WARN_NON_LITERAL_NULL_CONVERSION = YES;
				CLANG_WARN_OBJC_IMPLICIT_RETAIN_SELF = YES;
				CLANG_WARN_OBJC_LITERAL_CONVERSION = YES;
				CLANG_WARN_OBJC_ROOT_CLASS = YES_ERROR;
				CLANG_WARN_QUOTED_INCLUDE_IN_FRAMEWORK_HEADER = YES;
				CLANG_WARN_RANGE_LOOP_ANALYSIS = YES;
				CLANG_WARN_STRICT_PROTOTYPES = YES;
				CLANG_WARN_SUSPICIOUS_MOVE = YES;
				CLANG_WARN_UNGUARDED_AVAILABILITY = YES_AGGRESSIVE;
				CLANG_WARN_UNREACHABLE_CODE = YES;
				CLANG_WARN__DUPLICATE_METHOD_MATCH = YES;
				COPY_PHASE_STRIP = NO;
				DEBUG_INFORMATION_FORMAT = dwarf;
				ENABLE_STRICT_OBJC_MSGSEND = YES;
				ENABLE_TESTABILITY = YES;
				GCC_C_LANGUAGE_STANDARD = gnu11;
				GCC_DYNAMIC_NO_PIC = NO;
				GCC_NO_COMMON_BLOCKS = YES;
				GCC_OPTIMIZATION_LEVEL = 0;
				GCC_PREPROCESSOR_DEFINITIONS = (
					"DEBUG=1",
					"$(inherited)",
				);
				GCC_WARN_64_TO_32_BIT_CONVERSION = YES;
				GCC_WARN_ABOUT_RETURN_TYPE = YES_ERROR;
				GCC_WARN_UNDECLARED_SELECTOR = YES;
				GCC_WARN_UNINITIALIZED_AUTOS = YES_AGGRESSIVE;
				GCC_WARN_UNUSED_FUNCTION = YES;
				GCC_WARN_UNUSED_VARIABLE = YES;
				IPHONEOS_DEPLOYMENT_TARGET = 14.4;
				MTL_ENABLE_DEBUG_INFO = INCLUDE_SOURCE;
				MTL_FAST_MATH = YES;
				ONLY_ACTIVE_ARCH = YES;
				SDKROOT = iphoneos;
				SWIFT_ACTIVE_COMPILATION_CONDITIONS = DEBUG;
				SWIFT_OPTIMIZATION_LEVEL = "-Onone";
			};
			name = Debug;
		};
		CAC6C503260AEE0A0022BAB2 /* Release */ = {
			isa = XCBuildConfiguration;
			buildSettings = {
				ALWAYS_SEARCH_USER_PATHS = NO;
				CLANG_ANALYZER_NONNULL = YES;
				CLANG_ANALYZER_NUMBER_OBJECT_CONVERSION = YES_AGGRESSIVE;
				CLANG_CXX_LANGUAGE_STANDARD = "gnu++14";
				CLANG_CXX_LIBRARY = "libc++";
				CLANG_ENABLE_MODULES = YES;
				CLANG_ENABLE_OBJC_ARC = YES;
				CLANG_ENABLE_OBJC_WEAK = YES;
				CLANG_WARN_BLOCK_CAPTURE_AUTORELEASING = YES;
				CLANG_WARN_BOOL_CONVERSION = YES;
				CLANG_WARN_COMMA = YES;
				CLANG_WARN_CONSTANT_CONVERSION = YES;
				CLANG_WARN_DEPRECATED_OBJC_IMPLEMENTATIONS = YES;
				CLANG_WARN_DIRECT_OBJC_ISA_USAGE = YES_ERROR;
				CLANG_WARN_DOCUMENTATION_COMMENTS = YES;
				CLANG_WARN_EMPTY_BODY = YES;
				CLANG_WARN_ENUM_CONVERSION = YES;
				CLANG_WARN_INFINITE_RECURSION = YES;
				CLANG_WARN_INT_CONVERSION = YES;
				CLANG_WARN_NON_LITERAL_NULL_CONVERSION = YES;
				CLANG_WARN_OBJC_IMPLICIT_RETAIN_SELF = YES;
				CLANG_WARN_OBJC_LITERAL_CONVERSION = YES;
				CLANG_WARN_OBJC_ROOT_CLASS = YES_ERROR;
				CLANG_WARN_QUOTED_INCLUDE_IN_FRAMEWORK_HEADER = YES;
				CLANG_WARN_RANGE_LOOP_ANALYSIS = YES;
				CLANG_WARN_STRICT_PROTOTYPES = YES;
				CLANG_WARN_SUSPICIOUS_MOVE = YES;
				CLANG_WARN_UNGUARDED_AVAILABILITY = YES_AGGRESSIVE;
				CLANG_WARN_UNREACHABLE_CODE = YES;
				CLANG_WARN__DUPLICATE_METHOD_MATCH = YES;
				COPY_PHASE_STRIP = NO;
				DEBUG_INFORMATION_FORMAT = "dwarf-with-dsym";
				ENABLE_NS_ASSERTIONS = NO;
				ENABLE_STRICT_OBJC_MSGSEND = YES;
				GCC_C_LANGUAGE_STANDARD = gnu11;
				GCC_NO_COMMON_BLOCKS = YES;
				GCC_WARN_64_TO_32_BIT_CONVERSION = YES;
				GCC_WARN_ABOUT_RETURN_TYPE = YES_ERROR;
				GCC_WARN_UNDECLARED_SELECTOR = YES;
				GCC_WARN_UNINITIALIZED_AUTOS = YES_AGGRESSIVE;
				GCC_WARN_UNUSED_FUNCTION = YES;
				GCC_WARN_UNUSED_VARIABLE = YES;
				IPHONEOS_DEPLOYMENT_TARGET = 14.4;
				MTL_ENABLE_DEBUG_INFO = NO;
				MTL_FAST_MATH = YES;
				SDKROOT = iphoneos;
				SWIFT_COMPILATION_MODE = wholemodule;
				SWIFT_OPTIMIZATION_LEVEL = "-O";
				VALIDATE_PRODUCT = YES;
			};
			name = Release;
		};
		CAC6C505260AEE0A0022BAB2 /* Debug */ = {
			isa = XCBuildConfiguration;
			buildSettings = {
				ASSETCATALOG_COMPILER_APPICON_NAME = AppIcon;
				ASSETCATALOG_COMPILER_GLOBAL_ACCENT_COLOR_NAME = AccentColor;
				CODE_SIGN_STYLE = Automatic;
				DEVELOPMENT_TEAM = UX2V4DVXG3;
				INFOPLIST_FILE = Swift6WKWebView1/Info.plist;
				LD_RUNPATH_SEARCH_PATHS = (
					"$(inherited)",
					"@executable_path/Frameworks",
				);
				PRODUCT_BUNDLE_IDENTIFIER = com.yutaudemy.Swift6WKWebView1;
				PRODUCT_NAME = "$(TARGET_NAME)";
				SWIFT_VERSION = 5.0;
				TARGETED_DEVICE_FAMILY = 1;
			};
			name = Debug;
		};
		CAC6C506260AEE0A0022BAB2 /* Release */ = {
			isa = XCBuildConfiguration;
			buildSettings = {
				ASSETCATALOG_COMPILER_APPICON_NAME = AppIcon;
				ASSETCATALOG_COMPILER_GLOBAL_ACCENT_COLOR_NAME = AccentColor;
				CODE_SIGN_STYLE = Automatic;
				DEVELOPMENT_TEAM = UX2V4DVXG3;
				INFOPLIST_FILE = Swift6WKWebView1/Info.plist;
				LD_RUNPATH_SEARCH_PATHS = (
					"$(inherited)",
					"@executable_path/Frameworks",
				);
				PRODUCT_BUNDLE_IDENTIFIER = com.yutaudemy.Swift6WKWebView1;
				PRODUCT_NAME = "$(TARGET_NAME)";
				SWIFT_VERSION = 5.0;
				TARGETED_DEVICE_FAMILY = 1;
			};
			name = Release;
		};
/* End XCBuildConfiguration section */

/* Begin XCConfigurationList section */
		CAC6C4EB260AEE090022BAB2 /* Build configuration list for PBXProject "Swift6WKWebView1" */ = {
			isa = XCConfigurationList;
			buildConfigurations = (
				CAC6C502260AEE0A0022BAB2 /* Debug */,
				CAC6C503260AEE0A0022BAB2 /* Release */,
			);
			defaultConfigurationIsVisible = 0;
			defaultConfigurationName = Release;
		};
		CAC6C504260AEE0A0022BAB2 /* Build configuration list for PBXNativeTarget "Swift6WKWebView1" */ = {
			isa = XCConfigurationList;
			buildConfigurations = (
				CAC6C505260AEE0A0022BAB2 /* Debug */,
				CAC6C506260AEE0A0022BAB2 /* Release */,
			);
			defaultConfigurationIsVisible = 0;
			defaultConfigurationName = Release;
		};
/* End XCConfigurationList section */
	};
	rootObject = CAC6C4E8260AEE090022BAB2 /* Project object */;
}
